
Microsoft Visual Studio Solution File, Format Version 12.00
# Visual Studio 15
VisualStudioVersion = 15.0.26124.0
MinimumVisualStudioVersion = 15.0.26124.0
Project("{FAE04EC0-301F-11D3-BF4B-00C04F79EFBC}") = "Everbank.Console", "Everbank.Console\Everbank.Console.csproj", "{C4FD3AD7-6B75-42ED-9C92-CF0072D442FA}"
EndProject
Project("{FAE04EC0-301F-11D3-BF4B-00C04F79EFBC}") = "Everbank.Web", "Everbank.Web\Everbank.Web.csproj", "{5B6F20C3-8EC1-4413-A5CE-9B287B0A6F67}"
EndProject
Project("{FAE04EC0-301F-11D3-BF4B-00C04F79EFBC}") = "Everbank.Repositories", "Everbank.Repositories\Everbank.Repositories.csproj", "{AC415884-1EEA-4FD0-A577-7E39F8E2C2D0}"
EndProject
Project("{FAE04EC0-301F-11D3-BF4B-00C04F79EFBC}") = "Everbank.UnitTests", "Everbank.UnitTests\Everbank.UnitTests.csproj", "{E4AEBA8B-6730-4328-AAC5-08F6D4E3DD3D}"
EndProject
Project("{FAE04EC0-301F-11D3-BF4B-00C04F79EFBC}") = "Everbank.Service", "Everbank.Service\Everbank.Service.csproj", "{0EB7A97B-59DD-4FF6-8531-5C614A479CDD}"
EndProject
Project("{FAE04EC0-301F-11D3-BF4B-00C04F79EFBC}") = "Everbank.Mocking", "Everbank.Mocking\Everbank.Mocking.csproj", "{7E15F38F-1604-4338-81C5-080958FC56C1}"
EndProject
Global
	GlobalSection(SolutionConfigurationPlatforms) = preSolution
		Debug|Any CPU = Debug|Any CPU
		Debug|x64 = Debug|x64
		Debug|x86 = Debug|x86
		Release|Any CPU = Release|Any CPU
		Release|x64 = Release|x64
		Release|x86 = Release|x86
	EndGlobalSection
	GlobalSection(SolutionProperties) = preSolution
		HideSolutionNode = FALSE
	EndGlobalSection
	GlobalSection(ProjectConfigurationPlatforms) = postSolution
		{C4FD3AD7-6B75-42ED-9C92-CF0072D442FA}.Debug|Any CPU.ActiveCfg = Debug|Any CPU
		{C4FD3AD7-6B75-42ED-9C92-CF0072D442FA}.Debug|Any CPU.Build.0 = Debug|Any CPU
		{C4FD3AD7-6B75-42ED-9C92-CF0072D442FA}.Debug|x64.ActiveCfg = Debug|Any CPU
		{C4FD3AD7-6B75-42ED-9C92-CF0072D442FA}.Debug|x64.Build.0 = Debug|Any CPU
		{C4FD3AD7-6B75-42ED-9C92-CF0072D442FA}.Debug|x86.ActiveCfg = Debug|Any CPU
		{C4FD3AD7-6B75-42ED-9C92-CF0072D442FA}.Debug|x86.Build.0 = Debug|Any CPU
		{C4FD3AD7-6B75-42ED-9C92-CF0072D442FA}.Release|Any CPU.ActiveCfg = Release|Any CPU
		{C4FD3AD7-6B75-42ED-9C92-CF0072D442FA}.Release|Any CPU.Build.0 = Release|Any CPU
		{C4FD3AD7-6B75-42ED-9C92-CF0072D442FA}.Release|x64.ActiveCfg = Release|Any CPU
		{C4FD3AD7-6B75-42ED-9C92-CF0072D442FA}.Release|x64.Build.0 = Release|Any CPU
		{C4FD3AD7-6B75-42ED-9C92-CF0072D442FA}.Release|x86.ActiveCfg = Release|Any CPU
		{C4FD3AD7-6B75-42ED-9C92-CF0072D442FA}.Release|x86.Build.0 = Release|Any CPU
		{5B6F20C3-8EC1-4413-A5CE-9B287B0A6F67}.Debug|Any CPU.ActiveCfg = Debug|Any CPU
		{5B6F20C3-8EC1-4413-A5CE-9B287B0A6F67}.Debug|Any CPU.Build.0 = Debug|Any CPU
		{5B6F20C3-8EC1-4413-A5CE-9B287B0A6F67}.Debug|x64.ActiveCfg = Debug|Any CPU
		{5B6F20C3-8EC1-4413-A5CE-9B287B0A6F67}.Debug|x64.Build.0 = Debug|Any CPU
		{5B6F20C3-8EC1-4413-A5CE-9B287B0A6F67}.Debug|x86.ActiveCfg = Debug|Any CPU
		{5B6F20C3-8EC1-4413-A5CE-9B287B0A6F67}.Debug|x86.Build.0 = Debug|Any CPU
		{5B6F20C3-8EC1-4413-A5CE-9B287B0A6F67}.Release|Any CPU.ActiveCfg = Release|Any CPU
		{5B6F20C3-8EC1-4413-A5CE-9B287B0A6F67}.Release|Any CPU.Build.0 = Release|Any CPU
		{5B6F20C3-8EC1-4413-A5CE-9B287B0A6F67}.Release|x64.ActiveCfg = Release|Any CPU
		{5B6F20C3-8EC1-4413-A5CE-9B287B0A6F67}.Release|x64.Build.0 = Release|Any CPU
		{5B6F20C3-8EC1-4413-A5CE-9B287B0A6F67}.Release|x86.ActiveCfg = Release|Any CPU
		{5B6F20C3-8EC1-4413-A5CE-9B287B0A6F67}.Release|x86.Build.0 = Release|Any CPU
		{AC415884-1EEA-4FD0-A577-7E39F8E2C2D0}.Debug|Any CPU.ActiveCfg = Debug|Any CPU
		{AC415884-1EEA-4FD0-A577-7E39F8E2C2D0}.Debug|Any CPU.Build.0 = Debug|Any CPU
		{AC415884-1EEA-4FD0-A577-7E39F8E2C2D0}.Debug|x64.ActiveCfg = Debug|Any CPU
		{AC415884-1EEA-4FD0-A577-7E39F8E2C2D0}.Debug|x64.Build.0 = Debug|Any CPU
		{AC415884-1EEA-4FD0-A577-7E39F8E2C2D0}.Debug|x86.ActiveCfg = Debug|Any CPU
		{AC415884-1EEA-4FD0-A577-7E39F8E2C2D0}.Debug|x86.Build.0 = Debug|Any CPU
		{AC415884-1EEA-4FD0-A577-7E39F8E2C2D0}.Release|Any CPU.ActiveCfg = Release|Any CPU
		{AC415884-1EEA-4FD0-A577-7E39F8E2C2D0}.Release|Any CPU.Build.0 = Release|Any CPU
		{AC415884-1EEA-4FD0-A577-7E39F8E2C2D0}.Release|x64.ActiveCfg = Release|Any CPU
		{AC415884-1EEA-4FD0-A577-7E39F8E2C2D0}.Release|x64.Build.0 = Release|Any CPU
		{AC415884-1EEA-4FD0-A577-7E39F8E2C2D0}.Release|x86.ActiveCfg = Release|Any CPU
		{AC415884-1EEA-4FD0-A577-7E39F8E2C2D0}.Release|x86.Build.0 = Release|Any CPU
		{E4AEBA8B-6730-4328-AAC5-08F6D4E3DD3D}.Debug|Any CPU.ActiveCfg = Debug|Any CPU
		{E4AEBA8B-6730-4328-AAC5-08F6D4E3DD3D}.Debug|Any CPU.Build.0 = Debug|Any CPU
		{E4AEBA8B-6730-4328-AAC5-08F6D4E3DD3D}.Debug|x64.ActiveCfg = Debug|Any CPU
		{E4AEBA8B-6730-4328-AAC5-08F6D4E3DD3D}.Debug|x64.Build.0 = Debug|Any CPU
		{E4AEBA8B-6730-4328-AAC5-08F6D4E3DD3D}.Debug|x86.ActiveCfg = Debug|Any CPU
		{E4AEBA8B-6730-4328-AAC5-08F6D4E3DD3D}.Debug|x86.Build.0 = Debug|Any CPU
		{E4AEBA8B-6730-4328-AAC5-08F6D4E3DD3D}.Release|Any CPU.ActiveCfg = Release|Any CPU
		{E4AEBA8B-6730-4328-AAC5-08F6D4E3DD3D}.Release|Any CPU.Build.0 = Release|Any CPU
		{E4AEBA8B-6730-4328-AAC5-08F6D4E3DD3D}.Release|x64.ActiveCfg = Release|Any CPU
		{E4AEBA8B-6730-4328-AAC5-08F6D4E3DD3D}.Release|x64.Build.0 = Release|Any CPU
		{E4AEBA8B-6730-4328-AAC5-08F6D4E3DD3D}.Release|x86.ActiveCfg = Release|Any CPU
		{E4AEBA8B-6730-4328-AAC5-08F6D4E3DD3D}.Release|x86.Build.0 = Release|Any CPU
		{0EB7A97B-59DD-4FF6-8531-5C614A479CDD}.Debug|Any CPU.ActiveCfg = Debug|Any CPU
		{0EB7A97B-59DD-4FF6-8531-5C614A479CDD}.Debug|Any CPU.Build.0 = Debug|Any CPU
		{0EB7A97B-59DD-4FF6-8531-5C614A479CDD}.Debug|x64.ActiveCfg = Debug|Any CPU
		{0EB7A97B-59DD-4FF6-8531-5C614A479CDD}.Debug|x64.Build.0 = Debug|Any CPU
		{0EB7A97B-59DD-4FF6-8531-5C614A479CDD}.Debug|x86.ActiveCfg = Debug|Any CPU
		{0EB7A97B-59DD-4FF6-8531-5C614A479CDD}.Debug|x86.Build.0 = Debug|Any CPU
		{0EB7A97B-59DD-4FF6-8531-5C614A479CDD}.Release|Any CPU.ActiveCfg = Release|Any CPU
		{0EB7A97B-59DD-4FF6-8531-5C614A479CDD}.Release|Any CPU.Build.0 = Release|Any CPU
		{0EB7A97B-59DD-4FF6-8531-5C614A479CDD}.Release|x64.ActiveCfg = Release|Any CPU
		{0EB7A97B-59DD-4FF6-8531-5C614A479CDD}.Release|x64.Build.0 = Release|Any CPU
		{0EB7A97B-59DD-4FF6-8531-5C614A479CDD}.Release|x86.ActiveCfg = Release|Any CPU
		{0EB7A97B-59DD-4FF6-8531-5C614A479CDD}.Release|x86.Build.0 = Release|Any CPU
		{7E15F38F-1604-4338-81C5-080958FC56C1}.Debug|Any CPU.ActiveCfg = Debug|Any CPU
		{7E15F38F-1604-4338-81C5-080958FC56C1}.Debug|Any CPU.Build.0 = Debug|Any CPU
		{7E15F38F-1604-4338-81C5-080958FC56C1}.Debug|x64.ActiveCfg = Debug|Any CPU
		{7E15F38F-1604-4338-81C5-080958FC56C1}.Debug|x64.Build.0 = Debug|Any CPU
		{7E15F38F-1604-4338-81C5-080958FC56C1}.Debug|x86.ActiveCfg = Debug|Any CPU
		{7E15F38F-1604-4338-81C5-080958FC56C1}.Debug|x86.Build.0 = Debug|Any CPU
		{7E15F38F-1604-4338-81C5-080958FC56C1}.Release|Any CPU.ActiveCfg = Release|Any CPU
		{7E15F38F-1604-4338-81C5-080958FC56C1}.Release|Any CPU.Build.0 = Release|Any CPU
		{7E15F38F-1604-4338-81C5-080958FC56C1}.Release|x64.ActiveCfg = Release|Any CPU
		{7E15F38F-1604-4338-81C5-080958FC56C1}.Release|x64.Build.0 = Release|Any CPU
		{7E15F38F-1604-4338-81C5-080958FC56C1}.Release|x86.ActiveCfg = Release|Any CPU
		{7E15F38F-1604-4338-81C5-080958FC56C1}.Release|x86.Build.0 = Release|Any CPU
	EndGlobalSection
EndGlobal
